
Microsoft Visual Studio Solution File, Format Version 12.00
# Visual Studio Version 16
VisualStudioVersion = 25.0.1706.6
MinimumVisualStudioVersion = 10.0.40219.1
Project("{FAE04EC0-301F-11D3-BF4B-00C04F79EFBC}") = "TDMPW_3P_EX_74710", "TDMPW_3P_EX_74710\TDMPW_3P_EX_74710.csproj", "{0FCA4DE7-7882-4BF1-9F85-1312BC37FA8A}"
EndProject
Global
	GlobalSection(SolutionConfigurationPlatforms) = preSolution
		Debug|Any CPU = Debug|Any CPU
		Release|Any CPU = Release|Any CPU
	EndGlobalSection
	GlobalSection(ProjectConfigurationPlatforms) = postSolution
		{0FCA4DE7-7882-4BF1-9F85-1312BC37FA8A}.Debug|Any CPU.ActiveCfg = Debug|Any CPU
		{0FCA4DE7-7882-4BF1-9F85-1312BC37FA8A}.Debug|Any CPU.Build.0 = Debug|Any CPU
		{0FCA4DE7-7882-4BF1-9F85-1312BC37FA8A}.Release|Any CPU.ActiveCfg = Release|Any CPU
		{0FCA4DE7-7882-4BF1-9F85-1312BC37FA8A}.Release|Any CPU.Build.0 = Release|Any CPU
	EndGlobalSection
	GlobalSection(SolutionProperties) = preSolution
		HideSolutionNode = FALSE
	EndGlobalSection
	GlobalSection(ExtensibilityGlobals) = postSolution
		SolutionGuid = {34D0D2C1-ABE7-43BB-BE47-28AA5408942E}
	EndGlobalSection
EndGlobal
