
Microsoft Visual Studio Solution File, Format Version 12.00
# Visual Studio Version 16
VisualStudioVersion = 25.0.1706.5
MinimumVisualStudioVersion = 10.0.40219.1
Project("{FAE04EC0-301F-11D3-BF4B-00C04F79EFBC}") = "TDMPW_2P_EX_74710", "TDMPW_2P_EX_74710\TDMPW_2P_EX_74710.csproj", "{6B454C2E-C656-443B-B507-08184C525E21}"
EndProject
Global
	GlobalSection(SolutionConfigurationPlatforms) = preSolution
		Debug|Any CPU = Debug|Any CPU
		Release|Any CPU = Release|Any CPU
	EndGlobalSection
	GlobalSection(ProjectConfigurationPlatforms) = postSolution
		{6B454C2E-C656-443B-B507-08184C525E21}.Debug|Any CPU.ActiveCfg = Debug|Any CPU
		{6B454C2E-C656-443B-B507-08184C525E21}.Debug|Any CPU.Build.0 = Debug|Any CPU
		{6B454C2E-C656-443B-B507-08184C525E21}.Release|Any CPU.ActiveCfg = Release|Any CPU
		{6B454C2E-C656-443B-B507-08184C525E21}.Release|Any CPU.Build.0 = Release|Any CPU
	EndGlobalSection
	GlobalSection(SolutionProperties) = preSolution
		HideSolutionNode = FALSE
	EndGlobalSection
	GlobalSection(ExtensibilityGlobals) = postSolution
		SolutionGuid = {14842D0C-FBEE-4967-AAAC-4E5CC2D974B6}
	EndGlobalSection
EndGlobal
