
Microsoft Visual Studio Solution File, Format Version 12.00
# Visual Studio Version 16
VisualStudioVersion = 25.0.1706.4
MinimumVisualStudioVersion = 10.0.40219.1
Project("{FAE04EC0-301F-11D3-BF4B-00C04F79EFBC}") = "TDMPW_2P_EJ03", "TDMPW_2P_EJ03\TDMPW_2P_EJ03.csproj", "{0B97988C-AEB6-4987-BA8D-4F204CE88740}"
EndProject
Global
	GlobalSection(SolutionConfigurationPlatforms) = preSolution
		Debug|Any CPU = Debug|Any CPU
		Release|Any CPU = Release|Any CPU
	EndGlobalSection
	GlobalSection(ProjectConfigurationPlatforms) = postSolution
		{0B97988C-AEB6-4987-BA8D-4F204CE88740}.Debug|Any CPU.ActiveCfg = Debug|Any CPU
		{0B97988C-AEB6-4987-BA8D-4F204CE88740}.Debug|Any CPU.Build.0 = Debug|Any CPU
		{0B97988C-AEB6-4987-BA8D-4F204CE88740}.Release|Any CPU.ActiveCfg = Release|Any CPU
		{0B97988C-AEB6-4987-BA8D-4F204CE88740}.Release|Any CPU.Build.0 = Release|Any CPU
	EndGlobalSection
	GlobalSection(SolutionProperties) = preSolution
		HideSolutionNode = FALSE
	EndGlobalSection
	GlobalSection(ExtensibilityGlobals) = postSolution
		SolutionGuid = {BEB6EBAB-12FC-414E-986A-7A997BCA3DB4}
	EndGlobalSection
EndGlobal
