
Microsoft Visual Studio Solution File, Format Version 12.00
# Visual Studio Version 16
VisualStudioVersion = 25.0.1706.6
MinimumVisualStudioVersion = 10.0.40219.1
Project("{FAE04EC0-301F-11D3-BF4B-00C04F79EFBC}") = "TDMPW_3P_EJ03", "TDMPW_3P_EJ03\TDMPW_3P_EJ03.csproj", "{46A27ED3-AA6B-4013-9356-EF183DDBE430}"
EndProject
Global
	GlobalSection(SolutionConfigurationPlatforms) = preSolution
		Debug|Any CPU = Debug|Any CPU
		Release|Any CPU = Release|Any CPU
	EndGlobalSection
	GlobalSection(ProjectConfigurationPlatforms) = postSolution
		{46A27ED3-AA6B-4013-9356-EF183DDBE430}.Debug|Any CPU.ActiveCfg = Debug|Any CPU
		{46A27ED3-AA6B-4013-9356-EF183DDBE430}.Debug|Any CPU.Build.0 = Debug|Any CPU
		{46A27ED3-AA6B-4013-9356-EF183DDBE430}.Release|Any CPU.ActiveCfg = Release|Any CPU
		{46A27ED3-AA6B-4013-9356-EF183DDBE430}.Release|Any CPU.Build.0 = Release|Any CPU
	EndGlobalSection
	GlobalSection(SolutionProperties) = preSolution
		HideSolutionNode = FALSE
	EndGlobalSection
	GlobalSection(ExtensibilityGlobals) = postSolution
		SolutionGuid = {AFD11A29-BD91-4734-93A4-28A659B8D013}
	EndGlobalSection
EndGlobal
