
Microsoft Visual Studio Solution File, Format Version 12.00
# Visual Studio Version 16
VisualStudioVersion = 25.0.1706.3
MinimumVisualStudioVersion = 10.0.40219.1
Project("{FAE04EC0-301F-11D3-BF4B-00C04F79EFBC}") = "TDMPW_1P_PR02", "TDMPW_1P_PR02\TDMPW_1P_PR02.csproj", "{724E8925-573E-40B0-B1A9-DCB419E8E19B}"
EndProject
Global
	GlobalSection(SolutionConfigurationPlatforms) = preSolution
		Debug|Any CPU = Debug|Any CPU
		Release|Any CPU = Release|Any CPU
	EndGlobalSection
	GlobalSection(ProjectConfigurationPlatforms) = postSolution
		{724E8925-573E-40B0-B1A9-DCB419E8E19B}.Debug|Any CPU.ActiveCfg = Debug|Any CPU
		{724E8925-573E-40B0-B1A9-DCB419E8E19B}.Debug|Any CPU.Build.0 = Debug|Any CPU
		{724E8925-573E-40B0-B1A9-DCB419E8E19B}.Release|Any CPU.ActiveCfg = Release|Any CPU
		{724E8925-573E-40B0-B1A9-DCB419E8E19B}.Release|Any CPU.Build.0 = Release|Any CPU
	EndGlobalSection
	GlobalSection(SolutionProperties) = preSolution
		HideSolutionNode = FALSE
	EndGlobalSection
	GlobalSection(ExtensibilityGlobals) = postSolution
		SolutionGuid = {DBA5691C-87F5-4D59-BFD9-0CEE9E812B9D}
	EndGlobalSection
EndGlobal
